{
    "version": 3,
    "terraform_version": "0.11.3",
    "serial": 2,
    "lineage": "cff497ae-5813-4186-b31a-27c08d5c6955",
    "modules": [
        {
            "path": [
                "root"
            ],
            "outputs": {
                "moduledns": {
                    "sensitive": false,
                    "type": "string",
                    "value": "ec2-54-213-220-11.us-west-2.compute.amazonaws.com"
                },
                "moduleip": {
                    "sensitive": false,
                    "type": "string",
                    "value": "54.213.220.11"
                }
            },
            "resources": {},
            "depends_on": []
        },
        {
            "path": [
                "root",
                "web"
            ],
            "outputs": {
                "hostname": {
                    "sensitive": false,
                    "type": "string",
                    "value": "ec2-54-213-220-11.us-west-2.compute.amazonaws.com"
                },
                "ip": {
                    "sensitive": false,
                    "type": "string",
                    "value": "54.213.220.11"
                }
            },
            "resources": {
                "aws_instance.web": {
                    "type": "aws_instance",
                    "depends_on": [],
                    "primary": {
                        "id": "i-0d3bb7cdcbd733fdc",
                        "attributes": {
                            "ami": "ami-7f43f307",
                            "associate_public_ip_address": "true",
                            "availability_zone": "us-west-2b",
                            "disable_api_termination": "false",
                            "ebs_block_device.#": "0",
                            "ebs_optimized": "false",
                            "ephemeral_block_device.#": "0",
                            "iam_instance_profile": "",
                            "id": "i-0d3bb7cdcbd733fdc",
                            "instance_state": "running",
                            "instance_type": "t2.micro",
                            "ipv6_addresses.#": "0",
                            "key_name": "win1p",
                            "monitoring": "false",
                            "network_interface.#": "0",
                            "network_interface_id": "eni-e4f8bec0",
                            "placement_group": "",
                            "primary_network_interface_id": "eni-e4f8bec0",
                            "private_dns": "ip-172-31-24-191.us-west-2.compute.internal",
                            "private_ip": "172.31.24.191",
                            "public_dns": "ec2-54-213-220-11.us-west-2.compute.amazonaws.com",
                            "public_ip": "54.213.220.11",
                            "root_block_device.#": "1",
                            "root_block_device.0.delete_on_termination": "true",
                            "root_block_device.0.iops": "100",
                            "root_block_device.0.volume_id": "vol-0a0c1c431d34f1376",
                            "root_block_device.0.volume_size": "8",
                            "root_block_device.0.volume_type": "gp2",
                            "security_groups.#": "1",
                            "security_groups.3800949241": "ALLTCP",
                            "source_dest_check": "true",
                            "subnet_id": "subnet-10362f76",
                            "tags.%": "0",
                            "tenancy": "default",
                            "volume_tags.%": "0",
                            "vpc_security_group_ids.#": "1",
                            "vpc_security_group_ids.2534378034": "sg-b0d9f8cf"
                        },
                        "meta": {
                            "e2bfb730-ecaa-11e6-8f88-34363bc7c4c0": {
                                "create": 600000000000,
                                "delete": 1200000000000,
                                "update": 600000000000
                            },
                            "schema_version": "1"
                        },
                        "tainted": false
                    },
                    "deposed": [],
                    "provider": "module.web.provider.aws"
                }
            },
            "depends_on": []
        }
    ]
}
