{
    "version": 3,
    "terraform_version": "0.11.3",
    "serial": 2,
    "lineage": "1df5bc4d-8bad-4a93-91f8-cb900c7fd095",
    "modules": [
        {
            "path": [
                "root"
            ],
            "outputs": {},
            "resources": {
                "aws_instance.web": {
                    "type": "aws_instance",
                    "depends_on": [],
                    "primary": {
                        "id": "i-0aea9ccb92087ef79",
                        "attributes": {
                            "ami": "ami-7f43f307",
                            "associate_public_ip_address": "true",
                            "availability_zone": "us-west-2b",
                            "disable_api_termination": "false",
                            "ebs_block_device.#": "0",
                            "ebs_optimized": "false",
                            "ephemeral_block_device.#": "0",
                            "iam_instance_profile": "",
                            "id": "i-0aea9ccb92087ef79",
                            "instance_state": "running",
                            "instance_type": "t2.micro",
                            "ipv6_addresses.#": "0",
                            "key_name": "win1p",
                            "monitoring": "false",
                            "network_interface.#": "0",
                            "network_interface_id": "eni-c0ff83e4",
                            "placement_group": "",
                            "primary_network_interface_id": "eni-c0ff83e4",
                            "private_dns": "ip-172-31-17-120.us-west-2.compute.internal",
                            "private_ip": "172.31.17.120",
                            "public_dns": "ec2-34-217-74-74.us-west-2.compute.amazonaws.com",
                            "public_ip": "34.217.74.74",
                            "root_block_device.#": "1",
                            "root_block_device.0.delete_on_termination": "true",
                            "root_block_device.0.iops": "100",
                            "root_block_device.0.volume_id": "vol-0cf54ecef96098bbc",
                            "root_block_device.0.volume_size": "8",
                            "root_block_device.0.volume_type": "gp2",
                            "security_groups.#": "1",
                            "security_groups.3800949241": "ALLTCP",
                            "source_dest_check": "true",
                            "subnet_id": "subnet-10362f76",
                            "tags.%": "0",
                            "tenancy": "default",
                            "volume_tags.%": "0",
                            "vpc_security_group_ids.#": "1",
                            "vpc_security_group_ids.2646771760": "sg-1bd98364"
                        },
                        "meta": {
                            "e2bfb730-ecaa-11e6-8f88-34363bc7c4c0": {
                                "create": 600000000000,
                                "delete": 1200000000000,
                                "update": 600000000000
                            },
                            "schema_version": "1"
                        },
                        "tainted": false
                    },
                    "deposed": [],
                    "provider": "provider.aws"
                }
            },
            "depends_on": []
        }
    ]
}
